
Microsoft Visual Studio Solution File, Format Version 12.00
# Visual Studio 15
VisualStudioVersion = 15.0.28307.329
MinimumVisualStudioVersion = 10.0.40219.1
Project("{F184B08F-C81C-45F6-A57F-5ABD9991F28F}") = "SQLTutorial", "SQLTutorial\SQLTutorial.vbproj", "{5C0BEDB5-26B4-477B-BF86-9CFC974D7264}"
EndProject
Global
	GlobalSection(SolutionConfigurationPlatforms) = preSolution
		Debug|Any CPU = Debug|Any CPU
		Release|Any CPU = Release|Any CPU
	EndGlobalSection
	GlobalSection(ProjectConfigurationPlatforms) = postSolution
		{5C0BEDB5-26B4-477B-BF86-9CFC974D7264}.Debug|Any CPU.ActiveCfg = Debug|Any CPU
		{5C0BEDB5-26B4-477B-BF86-9CFC974D7264}.Debug|Any CPU.Build.0 = Debug|Any CPU
		{5C0BEDB5-26B4-477B-BF86-9CFC974D7264}.Release|Any CPU.ActiveCfg = Release|Any CPU
		{5C0BEDB5-26B4-477B-BF86-9CFC974D7264}.Release|Any CPU.Build.0 = Release|Any CPU
	EndGlobalSection
	GlobalSection(SolutionProperties) = preSolution
		HideSolutionNode = FALSE
	EndGlobalSection
	GlobalSection(ExtensibilityGlobals) = postSolution
		SolutionGuid = {98AB7730-5B25-46C1-9A7C-A9D461C0FB9A}
	EndGlobalSection
EndGlobal
